// !$*UTF8*$!
{
	archiveVersion = 1;
	classes = {
	};
	objectVersion = 55;
	objects = {

/* Begin PBXBuildFile section */
		4179EED828EDEBF8000D5121 /* AppDelegate.swift in Sources */ = {isa = PBXBuildFile; fileRef = 4179EED728EDEBF8000D5121 /* AppDelegate.swift */; };
		4179EEDA28EDEBF8000D5121 /* SceneDelegate.swift in Sources */ = {isa = PBXBuildFile; fileRef = 4179EED928EDEBF8000D5121 /* SceneDelegate.swift */; };
		4179EEDC28EDEBF8000D5121 /* BuyViewController.swift in Sources */ = {isa = PBXBuildFile; fileRef = 4179EEDB28EDEBF8000D5121 /* BuyViewController.swift */; };
		4179EEDF28EDEBF8000D5121 /* Main.storyboard in Resources */ = {isa = PBXBuildFile; fileRef = 4179EEDD28EDEBF8000D5121 /* Main.storyboard */; };
		4179EEE128EDEBFC000D5121 /* Assets.xcassets in Resources */ = {isa = PBXBuildFile; fileRef = 4179EEE028EDEBFC000D5121 /* Assets.xcassets */; };
		4179EEE428EDEBFC000D5121 /* LaunchScreen.storyboard in Resources */ = {isa = PBXBuildFile; fileRef = 4179EEE228EDEBFC000D5121 /* LaunchScreen.storyboard */; };
		4179EEEE28EE0123000D5121 /* BaseTabBarController.swift in Sources */ = {isa = PBXBuildFile; fileRef = 4179EEED28EE0123000D5121 /* BaseTabBarController.swift */; };
		4179EEF028EE03F8000D5121 /* ForYouViewController.swift in Sources */ = {isa = PBXBuildFile; fileRef = 4179EEEF28EE03F8000D5121 /* ForYouViewController.swift */; };
		4179EEF428EE042D000D5121 /* BagViewController.swift in Sources */ = {isa = PBXBuildFile; fileRef = 4179EEF328EE042D000D5121 /* BagViewController.swift */; };
		4187A91928F2EFF10025AC55 /* black3.png in Resources */ = {isa = PBXBuildFile; fileRef = 4187A91828F2EFF10025AC55 /* black3.png */; };
		4187A91B28F2EFF80025AC55 /* black2.png in Resources */ = {isa = PBXBuildFile; fileRef = 4187A91A28F2EFF80025AC55 /* black2.png */; };
		4187A91D28F2F0000025AC55 /* orange1.png in Resources */ = {isa = PBXBuildFile; fileRef = 4187A91C28F2F0000025AC55 /* orange1.png */; };
		4187A91F28F2F0090025AC55 /* clock1.png in Resources */ = {isa = PBXBuildFile; fileRef = 4187A91E28F2F0090025AC55 /* clock1.png */; };
		4187A92128F2F00D0025AC55 /* black1.png in Resources */ = {isa = PBXBuildFile; fileRef = 4187A92028F2F00D0025AC55 /* black1.png */; };
		4187A92328F2F01C0025AC55 /* orange2.png in Resources */ = {isa = PBXBuildFile; fileRef = 4187A92228F2F01C0025AC55 /* orange2.png */; };
		4187A92528F2F0210025AC55 /* orange3.png in Resources */ = {isa = PBXBuildFile; fileRef = 4187A92428F2F0200025AC55 /* orange3.png */; };
		4187A92728F2F08D0025AC55 /* clock2.png in Resources */ = {isa = PBXBuildFile; fileRef = 4187A92628F2F08D0025AC55 /* clock2.png */; };
		4187A92928F2FD560025AC55 /* UILabel+Extension.swift in Sources */ = {isa = PBXBuildFile; fileRef = 4187A92828F2FD560025AC55 /* UILabel+Extension.swift */; };
		4187A93128F346060025AC55 /* yes.png in Resources */ = {isa = PBXBuildFile; fileRef = 4187A93028F346060025AC55 /* yes.png */; };
		4187A99428F8AF050025AC55 /* ForYouViewController+Extension.swift in Sources */ = {isa = PBXBuildFile; fileRef = 4187A99328F8AF050025AC55 /* ForYouViewController+Extension.swift */; };
		4187A99828F8B2310025AC55 /* LoadingViewController.swift in Sources */ = {isa = PBXBuildFile; fileRef = 4187A99728F8B2310025AC55 /* LoadingViewController.swift */; };
		4187A99A28F8B3960025AC55 /* PdfViewController.swift in Sources */ = {isa = PBXBuildFile; fileRef = 4187A99928F8B3960025AC55 /* PdfViewController.swift */; };
		4187A99C28F8B3C10025AC55 /* WKWebViewController.swift in Sources */ = {isa = PBXBuildFile; fileRef = 4187A99B28F8B3C10025AC55 /* WKWebViewController.swift */; };
		4187A9A328F8B6100025AC55 /* SwiftRazrabPrilozhUIKit.pdf 00-08-55-544.pdf in Resources */ = {isa = PBXBuildFile; fileRef = 4187A9A228F8B60F0025AC55 /* SwiftRazrabPrilozhUIKit.pdf 00-08-55-544.pdf */; };
		4187A9A628F8B71B0025AC55 /* PageViewController.swift in Sources */ = {isa = PBXBuildFile; fileRef = 4187A9A528F8B71B0025AC55 /* PageViewController.swift */; };
		4187A9A828F8B78B0025AC55 /* OnboardingViewController.swift in Sources */ = {isa = PBXBuildFile; fileRef = 4187A9A728F8B78B0025AC55 /* OnboardingViewController.swift */; };
		4187A9AB28F8B7D20025AC55 /* Storage.swift in Sources */ = {isa = PBXBuildFile; fileRef = 4187A9AA28F8B7D20025AC55 /* Storage.swift */; };
		4187A9AD28F8C6400025AC55 /* pag1.png in Resources */ = {isa = PBXBuildFile; fileRef = 4187A9AC28F8C6400025AC55 /* pag1.png */; };
		4187A9AF28F8C6470025AC55 /* pag2.png in Resources */ = {isa = PBXBuildFile; fileRef = 4187A9AE28F8C6460025AC55 /* pag2.png */; };
		4187A9B128F8C64B0025AC55 /* pag3.png in Resources */ = {isa = PBXBuildFile; fileRef = 4187A9B028F8C64B0025AC55 /* pag3.png */; };
		41B01B1328EF6B6300929E3A /* SearchViewController.swift in Sources */ = {isa = PBXBuildFile; fileRef = 41B01B1228EF6B6300929E3A /* SearchViewController.swift */; };
		41B01B1828EF6C1900929E3A /* SearchViewController+Extension.swift in Sources */ = {isa = PBXBuildFile; fileRef = 41B01B1728EF6C1900929E3A /* SearchViewController+Extension.swift */; };
		41B01B1A28EF8E7400929E3A /* InfoViewController.swift in Sources */ = {isa = PBXBuildFile; fileRef = 41B01B1928EF8E7400929E3A /* InfoViewController.swift */; };
		41D6203228EFEE4A00C0BEA5 /* air1.png in Resources */ = {isa = PBXBuildFile; fileRef = 41D6203128EFEE4A00C0BEA5 /* air1.png */; };
/* End PBXBuildFile section */

/* Begin PBXFileReference section */
		4179EED428EDEBF8000D5121 /* AnanasProject.app */ = {isa = PBXFileReference; explicitFileType = wrapper.application; includeInIndex = 0; path = AnanasProject.app; sourceTree = BUILT_PRODUCTS_DIR; };
		4179EED728EDEBF8000D5121 /* AppDelegate.swift */ = {isa = PBXFileReference; lastKnownFileType = sourcecode.swift; path = AppDelegate.swift; sourceTree = "<group>"; };
		4179EED928EDEBF8000D5121 /* SceneDelegate.swift */ = {isa = PBXFileReference; lastKnownFileType = sourcecode.swift; path = SceneDelegate.swift; sourceTree = "<group>"; };
		4179EEDB28EDEBF8000D5121 /* BuyViewController.swift */ = {isa = PBXFileReference; lastKnownFileType = sourcecode.swift; path = BuyViewController.swift; sourceTree = "<group>"; };
		4179EEDE28EDEBF8000D5121 /* Base */ = {isa = PBXFileReference; lastKnownFileType = file.storyboard; name = Base; path = Base.lproj/Main.storyboard; sourceTree = "<group>"; };
		4179EEE028EDEBFC000D5121 /* Assets.xcassets */ = {isa = PBXFileReference; lastKnownFileType = folder.assetcatalog; path = Assets.xcassets; sourceTree = "<group>"; };
		4179EEE328EDEBFC000D5121 /* Base */ = {isa = PBXFileReference; lastKnownFileType = file.storyboard; name = Base; path = Base.lproj/LaunchScreen.storyboard; sourceTree = "<group>"; };
		4179EEE528EDEBFC000D5121 /* Info.plist */ = {isa = PBXFileReference; lastKnownFileType = text.plist.xml; path = Info.plist; sourceTree = "<group>"; };
		4179EEED28EE0123000D5121 /* BaseTabBarController.swift */ = {isa = PBXFileReference; lastKnownFileType = sourcecode.swift; path = BaseTabBarController.swift; sourceTree = "<group>"; };
		4179EEEF28EE03F8000D5121 /* ForYouViewController.swift */ = {isa = PBXFileReference; lastKnownFileType = sourcecode.swift; path = ForYouViewController.swift; sourceTree = "<group>"; };
		4179EEF328EE042D000D5121 /* BagViewController.swift */ = {isa = PBXFileReference; lastKnownFileType = sourcecode.swift; path = BagViewController.swift; sourceTree = "<group>"; };
		4187A91828F2EFF10025AC55 /* black3.png */ = {isa = PBXFileReference; lastKnownFileType = image.png; name = black3.png; path = ../../../images/black3.png; sourceTree = "<group>"; };
		4187A91A28F2EFF80025AC55 /* black2.png */ = {isa = PBXFileReference; lastKnownFileType = image.png; name = black2.png; path = ../../../images/black2.png; sourceTree = "<group>"; };
		4187A91C28F2F0000025AC55 /* orange1.png */ = {isa = PBXFileReference; lastKnownFileType = image.png; name = orange1.png; path = ../../../images/orange1.png; sourceTree = "<group>"; };
		4187A91E28F2F0090025AC55 /* clock1.png */ = {isa = PBXFileReference; lastKnownFileType = image.png; name = clock1.png; path = ../../../images/clock1.png; sourceTree = "<group>"; };
		4187A92028F2F00D0025AC55 /* black1.png */ = {isa = PBXFileReference; lastKnownFileType = image.png; name = black1.png; path = ../../../images/black1.png; sourceTree = "<group>"; };
		4187A92228F2F01C0025AC55 /* orange2.png */ = {isa = PBXFileReference; lastKnownFileType = image.png; name = orange2.png; path = ../../../images/orange2.png; sourceTree = "<group>"; };
		4187A92428F2F0200025AC55 /* orange3.png */ = {isa = PBXFileReference; lastKnownFileType = image.png; name = orange3.png; path = ../../../images/orange3.png; sourceTree = "<group>"; };
		4187A92628F2F08D0025AC55 /* clock2.png */ = {isa = PBXFileReference; lastKnownFileType = image.png; name = clock2.png; path = ../../../images/clock2.png; sourceTree = "<group>"; };
		4187A92828F2FD560025AC55 /* UILabel+Extension.swift */ = {isa = PBXFileReference; lastKnownFileType = sourcecode.swift; path = "UILabel+Extension.swift"; sourceTree = "<group>"; };
		4187A93028F346060025AC55 /* yes.png */ = {isa = PBXFileReference; lastKnownFileType = image.png; name = yes.png; path = ../../../yes.png; sourceTree = "<group>"; };
		4187A99328F8AF050025AC55 /* ForYouViewController+Extension.swift */ = {isa = PBXFileReference; lastKnownFileType = sourcecode.swift; path = "ForYouViewController+Extension.swift"; sourceTree = "<group>"; };
		4187A99728F8B2310025AC55 /* LoadingViewController.swift */ = {isa = PBXFileReference; lastKnownFileType = sourcecode.swift; path = LoadingViewController.swift; sourceTree = "<group>"; };
		4187A99928F8B3960025AC55 /* PdfViewController.swift */ = {isa = PBXFileReference; lastKnownFileType = sourcecode.swift; path = PdfViewController.swift; sourceTree = "<group>"; };
		4187A99B28F8B3C10025AC55 /* WKWebViewController.swift */ = {isa = PBXFileReference; lastKnownFileType = sourcecode.swift; path = WKWebViewController.swift; sourceTree = "<group>"; };
		4187A99F28F8B57C0025AC55 /* SwiftRazrabPrilozhUIKit.pdf */ = {isa = PBXFileReference; lastKnownFileType = image.pdf; path = SwiftRazrabPrilozhUIKit.pdf; sourceTree = "<group>"; };
		4187A9A228F8B60F0025AC55 /* SwiftRazrabPrilozhUIKit.pdf 00-08-55-544.pdf */ = {isa = PBXFileReference; lastKnownFileType = image.pdf; name = "SwiftRazrabPrilozhUIKit.pdf 00-08-55-544.pdf"; path = "../../../../.Trash/SwiftRazrabPrilozhUIKit.pdf 00-08-55-544.pdf"; sourceTree = "<group>"; };
		4187A9A528F8B71B0025AC55 /* PageViewController.swift */ = {isa = PBXFileReference; lastKnownFileType = sourcecode.swift; path = PageViewController.swift; sourceTree = "<group>"; };
		4187A9A728F8B78B0025AC55 /* OnboardingViewController.swift */ = {isa = PBXFileReference; lastKnownFileType = sourcecode.swift; path = OnboardingViewController.swift; sourceTree = "<group>"; };
		4187A9AA28F8B7D20025AC55 /* Storage.swift */ = {isa = PBXFileReference; lastKnownFileType = sourcecode.swift; path = Storage.swift; sourceTree = "<group>"; };
		4187A9AC28F8C6400025AC55 /* pag1.png */ = {isa = PBXFileReference; lastKnownFileType = image.png; name = pag1.png; path = ../../../images/pag1.png; sourceTree = "<group>"; };
		4187A9AE28F8C6460025AC55 /* pag2.png */ = {isa = PBXFileReference; lastKnownFileType = image.png; name = pag2.png; path = ../../../images/pag2.png; sourceTree = "<group>"; };
		4187A9B028F8C64B0025AC55 /* pag3.png */ = {isa = PBXFileReference; lastKnownFileType = image.png; name = pag3.png; path = ../../../images/pag3.png; sourceTree = "<group>"; };
		41B01B1228EF6B6300929E3A /* SearchViewController.swift */ = {isa = PBXFileReference; fileEncoding = 4; lastKnownFileType = sourcecode.swift; path = SearchViewController.swift; sourceTree = "<group>"; };
		41B01B1728EF6C1900929E3A /* SearchViewController+Extension.swift */ = {isa = PBXFileReference; lastKnownFileType = sourcecode.swift; path = "SearchViewController+Extension.swift"; sourceTree = "<group>"; };
		41B01B1928EF8E7400929E3A /* InfoViewController.swift */ = {isa = PBXFileReference; lastKnownFileType = sourcecode.swift; path = InfoViewController.swift; sourceTree = "<group>"; };
		41D6203128EFEE4A00C0BEA5 /* air1.png */ = {isa = PBXFileReference; lastKnownFileType = image.png; name = air1.png; path = ../../../air1.png; sourceTree = "<group>"; };
/* End PBXFileReference section */

/* Begin PBXFrameworksBuildPhase section */
		4179EED128EDEBF8000D5121 /* Frameworks */ = {
			isa = PBXFrameworksBuildPhase;
			buildActionMask = 2147483647;
			files = (
			);
			runOnlyForDeploymentPostprocessing = 0;
		};
/* End PBXFrameworksBuildPhase section */

/* Begin PBXGroup section */
		4179EECB28EDEBF8000D5121 = {
			isa = PBXGroup;
			children = (
				4179EED628EDEBF8000D5121 /* AnanasProject */,
				4179EED528EDEBF8000D5121 /* Products */,
			);
			sourceTree = "<group>";
		};
		4179EED528EDEBF8000D5121 /* Products */ = {
			isa = PBXGroup;
			children = (
				4179EED428EDEBF8000D5121 /* AnanasProject.app */,
			);
			name = Products;
			sourceTree = "<group>";
		};
		4179EED628EDEBF8000D5121 /* AnanasProject */ = {
			isa = PBXGroup;
			children = (
				4179EED728EDEBF8000D5121 /* AppDelegate.swift */,
				4179EED928EDEBF8000D5121 /* SceneDelegate.swift */,
				4187A9A928F8B7BB0025AC55 /* Model */,
				41B01B1628EF6BE700929E3A /* Extension */,
				4179EEEC28EE00EC000D5121 /* ViewControllers */,
				4179EEDD28EDEBF8000D5121 /* Main.storyboard */,
				4179EEE028EDEBFC000D5121 /* Assets.xcassets */,
				4179EEE228EDEBFC000D5121 /* LaunchScreen.storyboard */,
				4179EEE528EDEBFC000D5121 /* Info.plist */,
				4187A99F28F8B57C0025AC55 /* SwiftRazrabPrilozhUIKit.pdf */,
				4187A91E28F2F0090025AC55 /* clock1.png */,
				4187A92628F2F08D0025AC55 /* clock2.png */,
				4187A92028F2F00D0025AC55 /* black1.png */,
				4187A91A28F2EFF80025AC55 /* black2.png */,
				4187A91828F2EFF10025AC55 /* black3.png */,
				4187A91C28F2F0000025AC55 /* orange1.png */,
				4187A92228F2F01C0025AC55 /* orange2.png */,
				4187A92428F2F0200025AC55 /* orange3.png */,
				41D6203128EFEE4A00C0BEA5 /* air1.png */,
				4187A93028F346060025AC55 /* yes.png */,
				4187A9A228F8B60F0025AC55 /* SwiftRazrabPrilozhUIKit.pdf 00-08-55-544.pdf */,
				4187A9AC28F8C6400025AC55 /* pag1.png */,
				4187A9AE28F8C6460025AC55 /* pag2.png */,
				4187A9B028F8C64B0025AC55 /* pag3.png */,
			);
			path = AnanasProject;
			sourceTree = "<group>";
		};
		4179EEEC28EE00EC000D5121 /* ViewControllers */ = {
			isa = PBXGroup;
			children = (
				4187A9A428F8B6EC0025AC55 /* PageViewController */,
				4187A99628F8B0300025AC55 /* ForYouViewController */,
				4187A99528F8AFE40025AC55 /* SearchViewConteroller */,
				4179EEED28EE0123000D5121 /* BaseTabBarController.swift */,
				4179EEDB28EDEBF8000D5121 /* BuyViewController.swift */,
				4179EEF328EE042D000D5121 /* BagViewController.swift */,
			);
			path = ViewControllers;
			sourceTree = "<group>";
		};
		4187A99528F8AFE40025AC55 /* SearchViewConteroller */ = {
			isa = PBXGroup;
			children = (
				41B01B1228EF6B6300929E3A /* SearchViewController.swift */,
				41B01B1928EF8E7400929E3A /* InfoViewController.swift */,
				4187A99928F8B3960025AC55 /* PdfViewController.swift */,
				4187A99B28F8B3C10025AC55 /* WKWebViewController.swift */,
			);
			path = SearchViewConteroller;
			sourceTree = "<group>";
		};
		4187A99628F8B0300025AC55 /* ForYouViewController */ = {
			isa = PBXGroup;
			children = (
				4179EEEF28EE03F8000D5121 /* ForYouViewController.swift */,
				4187A99728F8B2310025AC55 /* LoadingViewController.swift */,
			);
			path = ForYouViewController;
			sourceTree = "<group>";
		};
		4187A9A428F8B6EC0025AC55 /* PageViewController */ = {
			isa = PBXGroup;
			children = (
				4187A9A528F8B71B0025AC55 /* PageViewController.swift */,
				4187A9A728F8B78B0025AC55 /* OnboardingViewController.swift */,
			);
			path = PageViewController;
			sourceTree = "<group>";
		};
		4187A9A928F8B7BB0025AC55 /* Model */ = {
			isa = PBXGroup;
			children = (
				4187A9AA28F8B7D20025AC55 /* Storage.swift */,
			);
			path = Model;
			sourceTree = "<group>";
		};
		41B01B1628EF6BE700929E3A /* Extension */ = {
			isa = PBXGroup;
			children = (
				41B01B1728EF6C1900929E3A /* SearchViewController+Extension.swift */,
				4187A92828F2FD560025AC55 /* UILabel+Extension.swift */,
				4187A99328F8AF050025AC55 /* ForYouViewController+Extension.swift */,
			);
			path = Extension;
			sourceTree = "<group>";
		};
/* End PBXGroup section */

/* Begin PBXNativeTarget section */
		4179EED328EDEBF8000D5121 /* AnanasProject */ = {
			isa = PBXNativeTarget;
			buildConfigurationList = 4179EEE828EDEBFC000D5121 /* Build configuration list for PBXNativeTarget "AnanasProject" */;
			buildPhases = (
				4179EEEB28EDEC0E000D5121 /* SwiftLint */,
				4179EED028EDEBF8000D5121 /* Sources */,
				4179EED128EDEBF8000D5121 /* Frameworks */,
				4179EED228EDEBF8000D5121 /* Resources */,
			);
			buildRules = (
			);
			dependencies = (
			);
			name = AnanasProject;
			productName = AnanasProject;
			productReference = 4179EED428EDEBF8000D5121 /* AnanasProject.app */;
			productType = "com.apple.product-type.application";
		};
/* End PBXNativeTarget section */

/* Begin PBXProject section */
		4179EECC28EDEBF8000D5121 /* Project object */ = {
			isa = PBXProject;
			attributes = {
				BuildIndependentTargetsInParallel = 1;
				LastSwiftUpdateCheck = 1330;
				LastUpgradeCheck = 1330;
				TargetAttributes = {
					4179EED328EDEBF8000D5121 = {
						CreatedOnToolsVersion = 13.3.1;
					};
				};
			};
			buildConfigurationList = 4179EECF28EDEBF8000D5121 /* Build configuration list for PBXProject "AnanasProject" */;
			compatibilityVersion = "Xcode 13.0";
			developmentRegion = en;
			hasScannedForEncodings = 0;
			knownRegions = (
				en,
				Base,
			);
			mainGroup = 4179EECB28EDEBF8000D5121;
			productRefGroup = 4179EED528EDEBF8000D5121 /* Products */;
			projectDirPath = "";
			projectRoot = "";
			targets = (
				4179EED328EDEBF8000D5121 /* AnanasProject */,
			);
		};
/* End PBXProject section */

/* Begin PBXResourcesBuildPhase section */
		4179EED228EDEBF8000D5121 /* Resources */ = {
			isa = PBXResourcesBuildPhase;
			buildActionMask = 2147483647;
			files = (
				4187A92328F2F01C0025AC55 /* orange2.png in Resources */,
				4187A9B128F8C64B0025AC55 /* pag3.png in Resources */,
				4187A9A328F8B6100025AC55 /* SwiftRazrabPrilozhUIKit.pdf 00-08-55-544.pdf in Resources */,
				4187A91D28F2F0000025AC55 /* orange1.png in Resources */,
				4179EEE428EDEBFC000D5121 /* LaunchScreen.storyboard in Resources */,
				41D6203228EFEE4A00C0BEA5 /* air1.png in Resources */,
				4187A9AF28F8C6470025AC55 /* pag2.png in Resources */,
				4187A93128F346060025AC55 /* yes.png in Resources */,
				4179EEE128EDEBFC000D5121 /* Assets.xcassets in Resources */,
				4187A92528F2F0210025AC55 /* orange3.png in Resources */,
				4179EEDF28EDEBF8000D5121 /* Main.storyboard in Resources */,
				4187A92728F2F08D0025AC55 /* clock2.png in Resources */,
				4187A91928F2EFF10025AC55 /* black3.png in Resources */,
				4187A9AD28F8C6400025AC55 /* pag1.png in Resources */,
				4187A92128F2F00D0025AC55 /* black1.png in Resources */,
				4187A91F28F2F0090025AC55 /* clock1.png in Resources */,
				4187A91B28F2EFF80025AC55 /* black2.png in Resources */,
			);
			runOnlyForDeploymentPostprocessing = 0;
		};
/* End PBXResourcesBuildPhase section */

/* Begin PBXShellScriptBuildPhase section */
		4179EEEB28EDEC0E000D5121 /* SwiftLint */ = {
			isa = PBXShellScriptBuildPhase;
			buildActionMask = 2147483647;
			files = (
			);
			inputFileListPaths = (
			);
			inputPaths = (
			);
			name = SwiftLint;
			outputFileListPaths = (
			);
			outputPaths = (
			);
			runOnlyForDeploymentPostprocessing = 0;
			shellPath = /bin/sh;
			shellScript = "if which swiftlint > /dev/null; then\n  swiftlint\nelse\n  echo \"warning: SwiftLint not installed, download from https://github.com/realm/SwiftLint\"\nfi\n";
		};
/* End PBXShellScriptBuildPhase section */

/* Begin PBXSourcesBuildPhase section */
		4179EED028EDEBF8000D5121 /* Sources */ = {
			isa = PBXSourcesBuildPhase;
			buildActionMask = 2147483647;
			files = (
				4187A99A28F8B3960025AC55 /* PdfViewController.swift in Sources */,
				4187A99428F8AF050025AC55 /* ForYouViewController+Extension.swift in Sources */,
				4179EEEE28EE0123000D5121 /* BaseTabBarController.swift in Sources */,
				41B01B1828EF6C1900929E3A /* SearchViewController+Extension.swift in Sources */,
				4179EEF028EE03F8000D5121 /* ForYouViewController.swift in Sources */,
				41B01B1328EF6B6300929E3A /* SearchViewController.swift in Sources */,
				4187A9A628F8B71B0025AC55 /* PageViewController.swift in Sources */,
				41B01B1A28EF8E7400929E3A /* InfoViewController.swift in Sources */,
				4187A92928F2FD560025AC55 /* UILabel+Extension.swift in Sources */,
				4179EEDC28EDEBF8000D5121 /* BuyViewController.swift in Sources */,
				4187A99C28F8B3C10025AC55 /* WKWebViewController.swift in Sources */,
				4187A9A828F8B78B0025AC55 /* OnboardingViewController.swift in Sources */,
				4179EED828EDEBF8000D5121 /* AppDelegate.swift in Sources */,
				4179EEDA28EDEBF8000D5121 /* SceneDelegate.swift in Sources */,
				4179EEF428EE042D000D5121 /* BagViewController.swift in Sources */,
				4187A9AB28F8B7D20025AC55 /* Storage.swift in Sources */,
				4187A99828F8B2310025AC55 /* LoadingViewController.swift in Sources */,
			);
			runOnlyForDeploymentPostprocessing = 0;
		};
/* End PBXSourcesBuildPhase section */

/* Begin PBXVariantGroup section */
		4179EEDD28EDEBF8000D5121 /* Main.storyboard */ = {
			isa = PBXVariantGroup;
			children = (
				4179EEDE28EDEBF8000D5121 /* Base */,
			);
			name = Main.storyboard;
			sourceTree = "<group>";
		};
		4179EEE228EDEBFC000D5121 /* LaunchScreen.storyboard */ = {
			isa = PBXVariantGroup;
			children = (
				4179EEE328EDEBFC000D5121 /* Base */,
			);
			name = LaunchScreen.storyboard;
			sourceTree = "<group>";
		};
/* End PBXVariantGroup section */

/* Begin XCBuildConfiguration section */
		4179EEE628EDEBFC000D5121 /* Debug */ = {
			isa = XCBuildConfiguration;
			buildSettings = {
				ALWAYS_SEARCH_USER_PATHS = NO;
				CLANG_ANALYZER_NONNULL = YES;
				CLANG_ANALYZER_NUMBER_OBJECT_CONVERSION = YES_AGGRESSIVE;
				CLANG_CXX_LANGUAGE_STANDARD = "gnu++17";
				CLANG_ENABLE_MODULES = YES;
				CLANG_ENABLE_OBJC_ARC = YES;
				CLANG_ENABLE_OBJC_WEAK = YES;
				CLANG_WARN_BLOCK_CAPTURE_AUTORELEASING = YES;
				CLANG_WARN_BOOL_CONVERSION = YES;
				CLANG_WARN_COMMA = YES;
				CLANG_WARN_CONSTANT_CONVERSION = YES;
				CLANG_WARN_DEPRECATED_OBJC_IMPLEMENTATIONS = YES;
				CLANG_WARN_DIRECT_OBJC_ISA_USAGE = YES_ERROR;
				CLANG_WARN_DOCUMENTATION_COMMENTS = YES;
				CLANG_WARN_EMPTY_BODY = YES;
				CLANG_WARN_ENUM_CONVERSION = YES;
				CLANG_WARN_INFINITE_RECURSION = YES;
				CLANG_WARN_INT_CONVERSION = YES;
				CLANG_WARN_NON_LITERAL_NULL_CONVERSION = YES;
				CLANG_WARN_OBJC_IMPLICIT_RETAIN_SELF = YES;
				CLANG_WARN_OBJC_LITERAL_CONVERSION = YES;
				CLANG_WARN_OBJC_ROOT_CLASS = YES_ERROR;
				CLANG_WARN_QUOTED_INCLUDE_IN_FRAMEWORK_HEADER = YES;
				CLANG_WARN_RANGE_LOOP_ANALYSIS = YES;
				CLANG_WARN_STRICT_PROTOTYPES = YES;
				CLANG_WARN_SUSPICIOUS_MOVE = YES;
				CLANG_WARN_UNGUARDED_AVAILABILITY = YES_AGGRESSIVE;
				CLANG_WARN_UNREACHABLE_CODE = YES;
				CLANG_WARN__DUPLICATE_METHOD_MATCH = YES;
				COPY_PHASE_STRIP = NO;
				DEBUG_INFORMATION_FORMAT = dwarf;
				ENABLE_STRICT_OBJC_MSGSEND = YES;
				ENABLE_TESTABILITY = YES;
				GCC_C_LANGUAGE_STANDARD = gnu11;
				GCC_DYNAMIC_NO_PIC = NO;
				GCC_NO_COMMON_BLOCKS = YES;
				GCC_OPTIMIZATION_LEVEL = 0;
				GCC_PREPROCESSOR_DEFINITIONS = (
					"DEBUG=1",
					"$(inherited)",
				);
				GCC_WARN_64_TO_32_BIT_CONVERSION = YES;
				GCC_WARN_ABOUT_RETURN_TYPE = YES_ERROR;
				GCC_WARN_UNDECLARED_SELECTOR = YES;
				GCC_WARN_UNINITIALIZED_AUTOS = YES_AGGRESSIVE;
				GCC_WARN_UNUSED_FUNCTION = YES;
				GCC_WARN_UNUSED_VARIABLE = YES;
				IPHONEOS_DEPLOYMENT_TARGET = 15.4;
				MTL_ENABLE_DEBUG_INFO = INCLUDE_SOURCE;
				MTL_FAST_MATH = YES;
				ONLY_ACTIVE_ARCH = YES;
				SDKROOT = iphoneos;
				SWIFT_ACTIVE_COMPILATION_CONDITIONS = DEBUG;
				SWIFT_OPTIMIZATION_LEVEL = "-Onone";
			};
			name = Debug;
		};
		4179EEE728EDEBFC000D5121 /* Release */ = {
			isa = XCBuildConfiguration;
			buildSettings = {
				ALWAYS_SEARCH_USER_PATHS = NO;
				CLANG_ANALYZER_NONNULL = YES;
				CLANG_ANALYZER_NUMBER_OBJECT_CONVERSION = YES_AGGRESSIVE;
				CLANG_CXX_LANGUAGE_STANDARD = "gnu++17";
				CLANG_ENABLE_MODULES = YES;
				CLANG_ENABLE_OBJC_ARC = YES;
				CLANG_ENABLE_OBJC_WEAK = YES;
				CLANG_WARN_BLOCK_CAPTURE_AUTORELEASING = YES;
				CLANG_WARN_BOOL_CONVERSION = YES;
				CLANG_WARN_COMMA = YES;
				CLANG_WARN_CONSTANT_CONVERSION = YES;
				CLANG_WARN_DEPRECATED_OBJC_IMPLEMENTATIONS = YES;
				CLANG_WARN_DIRECT_OBJC_ISA_USAGE = YES_ERROR;
				CLANG_WARN_DOCUMENTATION_COMMENTS = YES;
				CLANG_WARN_EMPTY_BODY = YES;
				CLANG_WARN_ENUM_CONVERSION = YES;
				CLANG_WARN_INFINITE_RECURSION = YES;
				CLANG_WARN_INT_CONVERSION = YES;
				CLANG_WARN_NON_LITERAL_NULL_CONVERSION = YES;
				CLANG_WARN_OBJC_IMPLICIT_RETAIN_SELF = YES;
				CLANG_WARN_OBJC_LITERAL_CONVERSION = YES;
				CLANG_WARN_OBJC_ROOT_CLASS = YES_ERROR;
				CLANG_WARN_QUOTED_INCLUDE_IN_FRAMEWORK_HEADER = YES;
				CLANG_WARN_RANGE_LOOP_ANALYSIS = YES;
				CLANG_WARN_STRICT_PROTOTYPES = YES;
				CLANG_WARN_SUSPICIOUS_MOVE = YES;
				CLANG_WARN_UNGUARDED_AVAILABILITY = YES_AGGRESSIVE;
				CLANG_WARN_UNREACHABLE_CODE = YES;
				CLANG_WARN__DUPLICATE_METHOD_MATCH = YES;
				COPY_PHASE_STRIP = NO;
				DEBUG_INFORMATION_FORMAT = "dwarf-with-dsym";
				ENABLE_NS_ASSERTIONS = NO;
				ENABLE_STRICT_OBJC_MSGSEND = YES;
				GCC_C_LANGUAGE_STANDARD = gnu11;
				GCC_NO_COMMON_BLOCKS = YES;
				GCC_WARN_64_TO_32_BIT_CONVERSION = YES;
				GCC_WARN_ABOUT_RETURN_TYPE = YES_ERROR;
				GCC_WARN_UNDECLARED_SELECTOR = YES;
				GCC_WARN_UNINITIALIZED_AUTOS = YES_AGGRESSIVE;
				GCC_WARN_UNUSED_FUNCTION = YES;
				GCC_WARN_UNUSED_VARIABLE = YES;
				IPHONEOS_DEPLOYMENT_TARGET = 15.4;
				MTL_ENABLE_DEBUG_INFO = NO;
				MTL_FAST_MATH = YES;
				SDKROOT = iphoneos;
				SWIFT_COMPILATION_MODE = wholemodule;
				SWIFT_OPTIMIZATION_LEVEL = "-O";
				VALIDATE_PRODUCT = YES;
			};
			name = Release;
		};
		4179EEE928EDEBFC000D5121 /* Debug */ = {
			isa = XCBuildConfiguration;
			buildSettings = {
				ASSETCATALOG_COMPILER_APPICON_NAME = AppIcon;
				ASSETCATALOG_COMPILER_GLOBAL_ACCENT_COLOR_NAME = AccentColor;
				CODE_SIGN_STYLE = Automatic;
				CURRENT_PROJECT_VERSION = 1;
				GENERATE_INFOPLIST_FILE = YES;
				INFOPLIST_FILE = AnanasProject/Info.plist;
				INFOPLIST_KEY_UIApplicationSupportsIndirectInputEvents = YES;
				INFOPLIST_KEY_UILaunchStoryboardName = LaunchScreen;
				INFOPLIST_KEY_UIMainStoryboardFile = Main;
				INFOPLIST_KEY_UISupportedInterfaceOrientations_iPad = "UIInterfaceOrientationPortrait UIInterfaceOrientationPortraitUpsideDown UIInterfaceOrientationLandscapeLeft UIInterfaceOrientationLandscapeRight";
				INFOPLIST_KEY_UISupportedInterfaceOrientations_iPhone = "UIInterfaceOrientationPortrait UIInterfaceOrientationLandscapeLeft UIInterfaceOrientationLandscapeRight";
				LD_RUNPATH_SEARCH_PATHS = (
					"$(inherited)",
					"@executable_path/Frameworks",
				);
				MARKETING_VERSION = 1.0;
				PRODUCT_BUNDLE_IDENTIFIER = ItAnanans.AnanasProject;
				PRODUCT_NAME = "$(TARGET_NAME)";
				SWIFT_EMIT_LOC_STRINGS = YES;
				SWIFT_VERSION = 5.0;
				TARGETED_DEVICE_FAMILY = "1,2";
			};
			name = Debug;
		};
		4179EEEA28EDEBFC000D5121 /* Release */ = {
			isa = XCBuildConfiguration;
			buildSettings = {
				ASSETCATALOG_COMPILER_APPICON_NAME = AppIcon;
				ASSETCATALOG_COMPILER_GLOBAL_ACCENT_COLOR_NAME = AccentColor;
				CODE_SIGN_STYLE = Automatic;
				CURRENT_PROJECT_VERSION = 1;
				GENERATE_INFOPLIST_FILE = YES;
				INFOPLIST_FILE = AnanasProject/Info.plist;
				INFOPLIST_KEY_UIApplicationSupportsIndirectInputEvents = YES;
				INFOPLIST_KEY_UILaunchStoryboardName = LaunchScreen;
				INFOPLIST_KEY_UIMainStoryboardFile = Main;
				INFOPLIST_KEY_UISupportedInterfaceOrientations_iPad = "UIInterfaceOrientationPortrait UIInterfaceOrientationPortraitUpsideDown UIInterfaceOrientationLandscapeLeft UIInterfaceOrientationLandscapeRight";
				INFOPLIST_KEY_UISupportedInterfaceOrientations_iPhone = "UIInterfaceOrientationPortrait UIInterfaceOrientationLandscapeLeft UIInterfaceOrientationLandscapeRight";
				LD_RUNPATH_SEARCH_PATHS = (
					"$(inherited)",
					"@executable_path/Frameworks",
				);
				MARKETING_VERSION = 1.0;
				PRODUCT_BUNDLE_IDENTIFIER = ItAnanans.AnanasProject;
				PRODUCT_NAME = "$(TARGET_NAME)";
				SWIFT_EMIT_LOC_STRINGS = YES;
				SWIFT_VERSION = 5.0;
				TARGETED_DEVICE_FAMILY = "1,2";
			};
			name = Release;
		};
/* End XCBuildConfiguration section */

/* Begin XCConfigurationList section */
		4179EECF28EDEBF8000D5121 /* Build configuration list for PBXProject "AnanasProject" */ = {
			isa = XCConfigurationList;
			buildConfigurations = (
				4179EEE628EDEBFC000D5121 /* Debug */,
				4179EEE728EDEBFC000D5121 /* Release */,
			);
			defaultConfigurationIsVisible = 0;
			defaultConfigurationName = Release;
		};
		4179EEE828EDEBFC000D5121 /* Build configuration list for PBXNativeTarget "AnanasProject" */ = {
			isa = XCConfigurationList;
			buildConfigurations = (
				4179EEE928EDEBFC000D5121 /* Debug */,
				4179EEEA28EDEBFC000D5121 /* Release */,
			);
			defaultConfigurationIsVisible = 0;
			defaultConfigurationName = Release;
		};
/* End XCConfigurationList section */
	};
	rootObject = 4179EECC28EDEBF8000D5121 /* Project object */;
}
